
Microsoft Visual Studio Solution File, Format Version 12.00
# Visual Studio Version 16
VisualStudioVersion = 16.0.29806.167
MinimumVisualStudioVersion = 10.0.40219.1
Project("{FAE04EC0-301F-11D3-BF4B-00C04F79EFBC}") = "PostComment", "PostComment\PostComment.csproj", "{10CD995E-F66C-4DB3-8F5F-E2142A024E1F}"
EndProject
Project("{FAE04EC0-301F-11D3-BF4B-00C04F79EFBC}") = "ObjectWCF", "ObjectWCF\ObjectWCF.csproj", "{7674ABBC-3279-4EA9-BD05-FA779252C5AB}"
EndProject
Project("{FAE04EC0-301F-11D3-BF4B-00C04F79EFBC}") = "HostWCF", "HostWCF\HostWCF.csproj", "{638D6520-601E-4973-81F7-251D950E9A60}"
EndProject
Project("{FAE04EC0-301F-11D3-BF4B-00C04F79EFBC}") = "RazorPagesMovie", "RazorPagesMovie\RazorPagesMovie.csproj", "{FC80B9BD-618E-4F1D-82E1-2D0310A465F4}"
EndProject
Global
	GlobalSection(SolutionConfigurationPlatforms) = preSolution
		Debug|Any CPU = Debug|Any CPU
		Release|Any CPU = Release|Any CPU
	EndGlobalSection
	GlobalSection(ProjectConfigurationPlatforms) = postSolution
		{10CD995E-F66C-4DB3-8F5F-E2142A024E1F}.Debug|Any CPU.ActiveCfg = Debug|Any CPU
		{10CD995E-F66C-4DB3-8F5F-E2142A024E1F}.Debug|Any CPU.Build.0 = Debug|Any CPU
		{10CD995E-F66C-4DB3-8F5F-E2142A024E1F}.Release|Any CPU.ActiveCfg = Release|Any CPU
		{10CD995E-F66C-4DB3-8F5F-E2142A024E1F}.Release|Any CPU.Build.0 = Release|Any CPU
		{7674ABBC-3279-4EA9-BD05-FA779252C5AB}.Debug|Any CPU.ActiveCfg = Debug|Any CPU
		{7674ABBC-3279-4EA9-BD05-FA779252C5AB}.Debug|Any CPU.Build.0 = Debug|Any CPU
		{7674ABBC-3279-4EA9-BD05-FA779252C5AB}.Release|Any CPU.ActiveCfg = Release|Any CPU
		{7674ABBC-3279-4EA9-BD05-FA779252C5AB}.Release|Any CPU.Build.0 = Release|Any CPU
		{638D6520-601E-4973-81F7-251D950E9A60}.Debug|Any CPU.ActiveCfg = Debug|Any CPU
		{638D6520-601E-4973-81F7-251D950E9A60}.Debug|Any CPU.Build.0 = Debug|Any CPU
		{638D6520-601E-4973-81F7-251D950E9A60}.Release|Any CPU.ActiveCfg = Release|Any CPU
		{638D6520-601E-4973-81F7-251D950E9A60}.Release|Any CPU.Build.0 = Release|Any CPU
		{FC80B9BD-618E-4F1D-82E1-2D0310A465F4}.Debug|Any CPU.ActiveCfg = Debug|Any CPU
		{FC80B9BD-618E-4F1D-82E1-2D0310A465F4}.Debug|Any CPU.Build.0 = Debug|Any CPU
		{FC80B9BD-618E-4F1D-82E1-2D0310A465F4}.Release|Any CPU.ActiveCfg = Release|Any CPU
		{FC80B9BD-618E-4F1D-82E1-2D0310A465F4}.Release|Any CPU.Build.0 = Release|Any CPU
	EndGlobalSection
	GlobalSection(SolutionProperties) = preSolution
		HideSolutionNode = FALSE
	EndGlobalSection
	GlobalSection(ExtensibilityGlobals) = postSolution
		SolutionGuid = {AA26CAD2-3F85-448A-A85E-5C78F853020A}
	EndGlobalSection
EndGlobal
